// !$*UTF8*$!
{
	archiveVersion = 1;
	classes = {
	};
	objectVersion = 48;
	objects = {

/* Begin PBXBuildFile section */
		68989D1A204EC13D00BB0B74 /* AppDelegate.swift in Sources */ = {isa = PBXBuildFile; fileRef = 68989D19204EC13D00BB0B74 /* AppDelegate.swift */; };
		68989D1C204EC13D00BB0B74 /* ViewController.swift in Sources */ = {isa = PBXBuildFile; fileRef = 68989D1B204EC13D00BB0B74 /* ViewController.swift */; };
		68989D1F204EC13D00BB0B74 /* Main.storyboard in Resources */ = {isa = PBXBuildFile; fileRef = 68989D1D204EC13D00BB0B74 /* Main.storyboard */; };
		68989D21204EC13D00BB0B74 /* Assets.xcassets in Resources */ = {isa = PBXBuildFile; fileRef = 68989D20204EC13D00BB0B74 /* Assets.xcassets */; };
		68989D24204EC13D00BB0B74 /* LaunchScreen.storyboard in Resources */ = {isa = PBXBuildFile; fileRef = 68989D22204EC13D00BB0B74 /* LaunchScreen.storyboard */; };
		68989D2F204EC13D00BB0B74 /* TapGestureDemoTests.swift in Sources */ = {isa = PBXBuildFile; fileRef = 68989D2E204EC13D00BB0B74 /* TapGestureDemoTests.swift */; };
		68989D3A204EC13D00BB0B74 /* TapGestureDemoUITests.swift in Sources */ = {isa = PBXBuildFile; fileRef = 68989D39204EC13D00BB0B74 /* TapGestureDemoUITests.swift */; };
/* End PBXBuildFile section */

/* Begin PBXContainerItemProxy section */
		68989D2B204EC13D00BB0B74 /* PBXContainerItemProxy */ = {
			isa = PBXContainerItemProxy;
			containerPortal = 68989D0E204EC13D00BB0B74 /* Project object */;
			proxyType = 1;
			remoteGlobalIDString = 68989D15204EC13D00BB0B74;
			remoteInfo = TapGestureDemo;
		};
		68989D36204EC13D00BB0B74 /* PBXContainerItemProxy */ = {
			isa = PBXContainerItemProxy;
			containerPortal = 68989D0E204EC13D00BB0B74 /* Project object */;
			proxyType = 1;
			remoteGlobalIDString = 68989D15204EC13D00BB0B74;
			remoteInfo = TapGestureDemo;
		};
/* End PBXContainerItemProxy section */

/* Begin PBXFileReference section */
		68989D16204EC13D00BB0B74 /* TapGestureDemo.app */ = {isa = PBXFileReference; explicitFileType = wrapper.application; includeInIndex = 0; path = TapGestureDemo.app; sourceTree = BUILT_PRODUCTS_DIR; };
		68989D19204EC13D00BB0B74 /* AppDelegate.swift */ = {isa = PBXFileReference; lastKnownFileType = sourcecode.swift; path = AppDelegate.swift; sourceTree = "<group>"; };
		68989D1B204EC13D00BB0B74 /* ViewController.swift */ = {isa = PBXFileReference; lastKnownFileType = sourcecode.swift; path = ViewController.swift; sourceTree = "<group>"; };
		68989D1E204EC13D00BB0B74 /* Base */ = {isa = PBXFileReference; lastKnownFileType = file.storyboard; name = Base; path = Base.lproj/Main.storyboard; sourceTree = "<group>"; };
		68989D20204EC13D00BB0B74 /* Assets.xcassets */ = {isa = PBXFileReference; lastKnownFileType = folder.assetcatalog; path = Assets.xcassets; sourceTree = "<group>"; };
		68989D23204EC13D00BB0B74 /* Base */ = {isa = PBXFileReference; lastKnownFileType = file.storyboard; name = Base; path = Base.lproj/LaunchScreen.storyboard; sourceTree = "<group>"; };
		68989D25204EC13D00BB0B74 /* Info.plist */ = {isa = PBXFileReference; lastKnownFileType = text.plist.xml; path = Info.plist; sourceTree = "<group>"; };
		68989D2A204EC13D00BB0B74 /* TapGestureDemoTests.xctest */ = {isa = PBXFileReference; explicitFileType = wrapper.cfbundle; includeInIndex = 0; path = TapGestureDemoTests.xctest; sourceTree = BUILT_PRODUCTS_DIR; };
		68989D2E204EC13D00BB0B74 /* TapGestureDemoTests.swift */ = {isa = PBXFileReference; lastKnownFileType = sourcecode.swift; path = TapGestureDemoTests.swift; sourceTree = "<group>"; };
		68989D30204EC13D00BB0B74 /* Info.plist */ = {isa = PBXFileReference; lastKnownFileType = text.plist.xml; path = Info.plist; sourceTree = "<group>"; };
		68989D35204EC13D00BB0B74 /* TapGestureDemoUITests.xctest */ = {isa = PBXFileReference; explicitFileType = wrapper.cfbundle; includeInIndex = 0; path = TapGestureDemoUITests.xctest; sourceTree = BUILT_PRODUCTS_DIR; };
		68989D39204EC13D00BB0B74 /* TapGestureDemoUITests.swift */ = {isa = PBXFileReference; lastKnownFileType = sourcecode.swift; path = TapGestureDemoUITests.swift; sourceTree = "<group>"; };
		68989D3B204EC13D00BB0B74 /* Info.plist */ = {isa = PBXFileReference; lastKnownFileType = text.plist.xml; path = Info.plist; sourceTree = "<group>"; };
/* End PBXFileReference section */

/* Begin PBXFrameworksBuildPhase section */
		68989D13204EC13D00BB0B74 /* Frameworks */ = {
			isa = PBXFrameworksBuildPhase;
			buildActionMask = 2147483647;
			files = (
			);
			runOnlyForDeploymentPostprocessing = 0;
		};
		68989D27204EC13D00BB0B74 /* Frameworks */ = {
			isa = PBXFrameworksBuildPhase;
			buildActionMask = 2147483647;
			files = (
			);
			runOnlyForDeploymentPostprocessing = 0;
		};
		68989D32204EC13D00BB0B74 /* Frameworks */ = {
			isa = PBXFrameworksBuildPhase;
			buildActionMask = 2147483647;
			files = (
			);
			runOnlyForDeploymentPostprocessing = 0;
		};
/* End PBXFrameworksBuildPhase section */

/* Begin PBXGroup section */
		68989D0D204EC13D00BB0B74 = {
			isa = PBXGroup;
			children = (
				68989D18204EC13D00BB0B74 /* TapGestureDemo */,
				68989D2D204EC13D00BB0B74 /* TapGestureDemoTests */,
				68989D38204EC13D00BB0B74 /* TapGestureDemoUITests */,
				68989D17204EC13D00BB0B74 /* Products */,
			);
			sourceTree = "<group>";
		};
		68989D17204EC13D00BB0B74 /* Products */ = {
			isa = PBXGroup;
			children = (
				68989D16204EC13D00BB0B74 /* TapGestureDemo.app */,
				68989D2A204EC13D00BB0B74 /* TapGestureDemoTests.xctest */,
				68989D35204EC13D00BB0B74 /* TapGestureDemoUITests.xctest */,
			);
			name = Products;
			sourceTree = "<group>";
		};
		68989D18204EC13D00BB0B74 /* TapGestureDemo */ = {
			isa = PBXGroup;
			children = (
				68989D19204EC13D00BB0B74 /* AppDelegate.swift */,
				68989D1B204EC13D00BB0B74 /* ViewController.swift */,
				68989D1D204EC13D00BB0B74 /* Main.storyboard */,
				68989D20204EC13D00BB0B74 /* Assets.xcassets */,
				68989D22204EC13D00BB0B74 /* LaunchScreen.storyboard */,
				68989D25204EC13D00BB0B74 /* Info.plist */,
			);
			path = TapGestureDemo;
			sourceTree = "<group>";
		};
		68989D2D204EC13D00BB0B74 /* TapGestureDemoTests */ = {
			isa = PBXGroup;
			children = (
				68989D2E204EC13D00BB0B74 /* TapGestureDemoTests.swift */,
				68989D30204EC13D00BB0B74 /* Info.plist */,
			);
			path = TapGestureDemoTests;
			sourceTree = "<group>";
		};
		68989D38204EC13D00BB0B74 /* TapGestureDemoUITests */ = {
			isa = PBXGroup;
			children = (
				68989D39204EC13D00BB0B74 /* TapGestureDemoUITests.swift */,
				68989D3B204EC13D00BB0B74 /* Info.plist */,
			);
			path = TapGestureDemoUITests;
			sourceTree = "<group>";
		};
/* End PBXGroup section */

/* Begin PBXNativeTarget section */
		68989D15204EC13D00BB0B74 /* TapGestureDemo */ = {
			isa = PBXNativeTarget;
			buildConfigurationList = 68989D3E204EC13D00BB0B74 /* Build configuration list for PBXNativeTarget "TapGestureDemo" */;
			buildPhases = (
				68989D12204EC13D00BB0B74 /* Sources */,
				68989D13204EC13D00BB0B74 /* Frameworks */,
				68989D14204EC13D00BB0B74 /* Resources */,
			);
			buildRules = (
			);
			dependencies = (
			);
			name = TapGestureDemo;
			productName = TapGestureDemo;
			productReference = 68989D16204EC13D00BB0B74 /* TapGestureDemo.app */;
			productType = "com.apple.product-type.application";
		};
		68989D29204EC13D00BB0B74 /* TapGestureDemoTests */ = {
			isa = PBXNativeTarget;
			buildConfigurationList = 68989D41204EC13D00BB0B74 /* Build configuration list for PBXNativeTarget "TapGestureDemoTests" */;
			buildPhases = (
				68989D26204EC13D00BB0B74 /* Sources */,
				68989D27204EC13D00BB0B74 /* Frameworks */,
				68989D28204EC13D00BB0B74 /* Resources */,
			);
			buildRules = (
			);
			dependencies = (
				68989D2C204EC13D00BB0B74 /* PBXTargetDependency */,
			);
			name = TapGestureDemoTests;
			productName = TapGestureDemoTests;
			productReference = 68989D2A204EC13D00BB0B74 /* TapGestureDemoTests.xctest */;
			productType = "com.apple.product-type.bundle.unit-test";
		};
		68989D34204EC13D00BB0B74 /* TapGestureDemoUITests */ = {
			isa = PBXNativeTarget;
			buildConfigurationList = 68989D44204EC13D00BB0B74 /* Build configuration list for PBXNativeTarget "TapGestureDemoUITests" */;
			buildPhases = (
				68989D31204EC13D00BB0B74 /* Sources */,
				68989D32204EC13D00BB0B74 /* Frameworks */,
				68989D33204EC13D00BB0B74 /* Resources */,
			);
			buildRules = (
			);
			dependencies = (
				68989D37204EC13D00BB0B74 /* PBXTargetDependency */,
			);
			name = TapGestureDemoUITests;
			productName = TapGestureDemoUITests;
			productReference = 68989D35204EC13D00BB0B74 /* TapGestureDemoUITests.xctest */;
			productType = "com.apple.product-type.bundle.ui-testing";
		};
/* End PBXNativeTarget section */

/* Begin PBXProject section */
		68989D0E204EC13D00BB0B74 /* Project object */ = {
			isa = PBXProject;
			attributes = {
				LastSwiftUpdateCheck = 0920;
				LastUpgradeCheck = 0920;
				ORGANIZATIONNAME = MyCompany;
				TargetAttributes = {
					68989D15204EC13D00BB0B74 = {
						CreatedOnToolsVersion = 9.2;
						ProvisioningStyle = Automatic;
					};
					68989D29204EC13D00BB0B74 = {
						CreatedOnToolsVersion = 9.2;
						ProvisioningStyle = Automatic;
						TestTargetID = 68989D15204EC13D00BB0B74;
					};
					68989D34204EC13D00BB0B74 = {
						CreatedOnToolsVersion = 9.2;
						ProvisioningStyle = Automatic;
						TestTargetID = 68989D15204EC13D00BB0B74;
					};
				};
			};
			buildConfigurationList = 68989D11204EC13D00BB0B74 /* Build configuration list for PBXProject "TapGestureDemo" */;
			compatibilityVersion = "Xcode 8.0";
			developmentRegion = en;
			hasScannedForEncodings = 0;
			knownRegions = (
				en,
				Base,
			);
			mainGroup = 68989D0D204EC13D00BB0B74;
			productRefGroup = 68989D17204EC13D00BB0B74 /* Products */;
			projectDirPath = "";
			projectRoot = "";
			targets = (
				68989D15204EC13D00BB0B74 /* TapGestureDemo */,
				68989D29204EC13D00BB0B74 /* TapGestureDemoTests */,
				68989D34204EC13D00BB0B74 /* TapGestureDemoUITests */,
			);
		};
/* End PBXProject section */

/* Begin PBXResourcesBuildPhase section */
		68989D14204EC13D00BB0B74 /* Resources */ = {
			isa = PBXResourcesBuildPhase;
			buildActionMask = 2147483647;
			files = (
				68989D24204EC13D00BB0B74 /* LaunchScreen.storyboard in Resources */,
				68989D21204EC13D00BB0B74 /* Assets.xcassets in Resources */,
				68989D1F204EC13D00BB0B74 /* Main.storyboard in Resources */,
			);
			runOnlyForDeploymentPostprocessing = 0;
		};
		68989D28204EC13D00BB0B74 /* Resources */ = {
			isa = PBXResourcesBuildPhase;
			buildActionMask = 2147483647;
			files = (
			);
			runOnlyForDeploymentPostprocessing = 0;
		};
		68989D33204EC13D00BB0B74 /* Resources */ = {
			isa = PBXResourcesBuildPhase;
			buildActionMask = 2147483647;
			files = (
			);
			runOnlyForDeploymentPostprocessing = 0;
		};
/* End PBXResourcesBuildPhase section */

/* Begin PBXSourcesBuildPhase section */
		68989D12204EC13D00BB0B74 /* Sources */ = {
			isa = PBXSourcesBuildPhase;
			buildActionMask = 2147483647;
			files = (
				68989D1C204EC13D00BB0B74 /* ViewController.swift in Sources */,
				68989D1A204EC13D00BB0B74 /* AppDelegate.swift in Sources */,
			);
			runOnlyForDeploymentPostprocessing = 0;
		};
		68989D26204EC13D00BB0B74 /* Sources */ = {
			isa = PBXSourcesBuildPhase;
			buildActionMask = 2147483647;
			files = (
				68989D2F204EC13D00BB0B74 /* TapGestureDemoTests.swift in Sources */,
			);
			runOnlyForDeploymentPostprocessing = 0;
		};
		68989D31204EC13D00BB0B74 /* Sources */ = {
			isa = PBXSourcesBuildPhase;
			buildActionMask = 2147483647;
			files = (
				68989D3A204EC13D00BB0B74 /* TapGestureDemoUITests.swift in Sources */,
			);
			runOnlyForDeploymentPostprocessing = 0;
		};
/* End PBXSourcesBuildPhase section */

/* Begin PBXTargetDependency section */
		68989D2C204EC13D00BB0B74 /* PBXTargetDependency */ = {
			isa = PBXTargetDependency;
			target = 68989D15204EC13D00BB0B74 /* TapGestureDemo */;
			targetProxy = 68989D2B204EC13D00BB0B74 /* PBXContainerItemProxy */;
		};
		68989D37204EC13D00BB0B74 /* PBXTargetDependency */ = {
			isa = PBXTargetDependency;
			target = 68989D15204EC13D00BB0B74 /* TapGestureDemo */;
			targetProxy = 68989D36204EC13D00BB0B74 /* PBXContainerItemProxy */;
		};
/* End PBXTargetDependency section */

/* Begin PBXVariantGroup section */
		68989D1D204EC13D00BB0B74 /* Main.storyboard */ = {
			isa = PBXVariantGroup;
			children = (
				68989D1E204EC13D00BB0B74 /* Base */,
			);
			name = Main.storyboard;
			sourceTree = "<group>";
		};
		68989D22204EC13D00BB0B74 /* LaunchScreen.storyboard */ = {
			isa = PBXVariantGroup;
			children = (
				68989D23204EC13D00BB0B74 /* Base */,
			);
			name = LaunchScreen.storyboard;
			sourceTree = "<group>";
		};
/* End PBXVariantGroup section */

/* Begin XCBuildConfiguration section */
		68989D3C204EC13D00BB0B74 /* Debug */ = {
			isa = XCBuildConfiguration;
			buildSettings = {
				ALWAYS_SEARCH_USER_PATHS = NO;
				CLANG_ANALYZER_NONNULL = YES;
				CLANG_ANALYZER_NUMBER_OBJECT_CONVERSION = YES_AGGRESSIVE;
				CLANG_CXX_LANGUAGE_STANDARD = "gnu++14";
				CLANG_CXX_LIBRARY = "libc++";
				CLANG_ENABLE_MODULES = YES;
				CLANG_ENABLE_OBJC_ARC = YES;
				CLANG_WARN_BLOCK_CAPTURE_AUTORELEASING = YES;
				CLANG_WARN_BOOL_CONVERSION = YES;
				CLANG_WARN_COMMA = YES;
				CLANG_WARN_CONSTANT_CONVERSION = YES;
				CLANG_WARN_DIRECT_OBJC_ISA_USAGE = YES_ERROR;
				CLANG_WARN_DOCUMENTATION_COMMENTS = YES;
				CLANG_WARN_EMPTY_BODY = YES;
				CLANG_WARN_ENUM_CONVERSION = YES;
				CLANG_WARN_INFINITE_RECURSION = YES;
				CLANG_WARN_INT_CONVERSION = YES;
				CLANG_WARN_NON_LITERAL_NULL_CONVERSION = YES;
				CLANG_WARN_OBJC_LITERAL_CONVERSION = YES;
				CLANG_WARN_OBJC_ROOT_CLASS = YES_ERROR;
				CLANG_WARN_RANGE_LOOP_ANALYSIS = YES;
				CLANG_WARN_STRICT_PROTOTYPES = YES;
				CLANG_WARN_SUSPICIOUS_MOVE = YES;
				CLANG_WARN_UNGUARDED_AVAILABILITY = YES_AGGRESSIVE;
				CLANG_WARN_UNREACHABLE_CODE = YES;
				CLANG_WARN__DUPLICATE_METHOD_MATCH = YES;
				CODE_SIGN_IDENTITY = "iPhone Developer";
				COPY_PHASE_STRIP = NO;
				DEBUG_INFORMATION_FORMAT = dwarf;
				ENABLE_STRICT_OBJC_MSGSEND = YES;
				ENABLE_TESTABILITY = YES;
				GCC_C_LANGUAGE_STANDARD = gnu11;
				GCC_DYNAMIC_NO_PIC = NO;
				GCC_NO_COMMON_BLOCKS = YES;
				GCC_OPTIMIZATION_LEVEL = 0;
				GCC_PREPROCESSOR_DEFINITIONS = (
					"DEBUG=1",
					"$(inherited)",
				);
				GCC_WARN_64_TO_32_BIT_CONVERSION = YES;
				GCC_WARN_ABOUT_RETURN_TYPE = YES_ERROR;
				GCC_WARN_UNDECLARED_SELECTOR = YES;
				GCC_WARN_UNINITIALIZED_AUTOS = YES_AGGRESSIVE;
				GCC_WARN_UNUSED_FUNCTION = YES;
				GCC_WARN_UNUSED_VARIABLE = YES;
				IPHONEOS_DEPLOYMENT_TARGET = 11.2;
				MTL_ENABLE_DEBUG_INFO = YES;
				ONLY_ACTIVE_ARCH = YES;
				SDKROOT = iphoneos;
				SWIFT_ACTIVE_COMPILATION_CONDITIONS = DEBUG;
				SWIFT_OPTIMIZATION_LEVEL = "-Onone";
			};
			name = Debug;
		};
		68989D3D204EC13D00BB0B74 /* Release */ = {
			isa = XCBuildConfiguration;
			buildSettings = {
				ALWAYS_SEARCH_USER_PATHS = NO;
				CLANG_ANALYZER_NONNULL = YES;
				CLANG_ANALYZER_NUMBER_OBJECT_CONVERSION = YES_AGGRESSIVE;
				CLANG_CXX_LANGUAGE_STANDARD = "gnu++14";
				CLANG_CXX_LIBRARY = "libc++";
				CLANG_ENABLE_MODULES = YES;
				CLANG_ENABLE_OBJC_ARC = YES;
				CLANG_WARN_BLOCK_CAPTURE_AUTORELEASING = YES;
				CLANG_WARN_BOOL_CONVERSION = YES;
				CLANG_WARN_COMMA = YES;
				CLANG_WARN_CONSTANT_CONVERSION = YES;
				CLANG_WARN_DIRECT_OBJC_ISA_USAGE = YES_ERROR;
				CLANG_WARN_DOCUMENTATION_COMMENTS = YES;
				CLANG_WARN_EMPTY_BODY = YES;
				CLANG_WARN_ENUM_CONVERSION = YES;
				CLANG_WARN_INFINITE_RECURSION = YES;
				CLANG_WARN_INT_CONVERSION = YES;
				CLANG_WARN_NON_LITERAL_NULL_CONVERSION = YES;
				CLANG_WARN_OBJC_LITERAL_CONVERSION = YES;
				CLANG_WARN_OBJC_ROOT_CLASS = YES_ERROR;
				CLANG_WARN_RANGE_LOOP_ANALYSIS = YES;
				CLANG_WARN_STRICT_PROTOTYPES = YES;
				CLANG_WARN_SUSPICIOUS_MOVE = YES;
				CLANG_WARN_UNGUARDED_AVAILABILITY = YES_AGGRESSIVE;
				CLANG_WARN_UNREACHABLE_CODE = YES;
				CLANG_WARN__DUPLICATE_METHOD_MATCH = YES;
				CODE_SIGN_IDENTITY = "iPhone Developer";
				COPY_PHASE_STRIP = NO;
				DEBUG_INFORMATION_FORMAT = "dwarf-with-dsym";
				ENABLE_NS_ASSERTIONS = NO;
				ENABLE_STRICT_OBJC_MSGSEND = YES;
				GCC_C_LANGUAGE_STANDARD = gnu11;
				GCC_NO_COMMON_BLOCKS = YES;
				GCC_WARN_64_TO_32_BIT_CONVERSION = YES;
				GCC_WARN_ABOUT_RETURN_TYPE = YES_ERROR;
				GCC_WARN_UNDECLARED_SELECTOR = YES;
				GCC_WARN_UNINITIALIZED_AUTOS = YES_AGGRESSIVE;
				GCC_WARN_UNUSED_FUNCTION = YES;
				GCC_WARN_UNUSED_VARIABLE = YES;
				IPHONEOS_DEPLOYMENT_TARGET = 11.2;
				MTL_ENABLE_DEBUG_INFO = NO;
				SDKROOT = iphoneos;
				SWIFT_OPTIMIZATION_LEVEL = "-Owholemodule";
				VALIDATE_PRODUCT = YES;
			};
			name = Release;
		};
		68989D3F204EC13D00BB0B74 /* Debug */ = {
			isa = XCBuildConfiguration;
			buildSettings = {
				ASSETCATALOG_COMPILER_APPICON_NAME = AppIcon;
				CODE_SIGN_STYLE = Automatic;
				INFOPLIST_FILE = TapGestureDemo/Info.plist;
				LD_RUNPATH_SEARCH_PATHS = "$(inherited) @executable_path/Frameworks";
				PRODUCT_BUNDLE_IDENTIFIER = com.mycompany.myapp.TapGestureDemo;
				PRODUCT_NAME = "$(TARGET_NAME)";
				SWIFT_VERSION = 4.0;
				TARGETED_DEVICE_FAMILY = "1,2";
			};
			name = Debug;
		};
		68989D40204EC13D00BB0B74 /* Release */ = {
			isa = XCBuildConfiguration;
			buildSettings = {
				ASSETCATALOG_COMPILER_APPICON_NAME = AppIcon;
				CODE_SIGN_STYLE = Automatic;
				INFOPLIST_FILE = TapGestureDemo/Info.plist;
				LD_RUNPATH_SEARCH_PATHS = "$(inherited) @executable_path/Frameworks";
				PRODUCT_BUNDLE_IDENTIFIER = com.mycompany.myapp.TapGestureDemo;
				PRODUCT_NAME = "$(TARGET_NAME)";
				SWIFT_VERSION = 4.0;
				TARGETED_DEVICE_FAMILY = "1,2";
			};
			name = Release;
		};
		68989D42204EC13D00BB0B74 /* Debug */ = {
			isa = XCBuildConfiguration;
			buildSettings = {
				ALWAYS_EMBED_SWIFT_STANDARD_LIBRARIES = YES;
				BUNDLE_LOADER = "$(TEST_HOST)";
				CODE_SIGN_STYLE = Automatic;
				INFOPLIST_FILE = TapGestureDemoTests/Info.plist;
				LD_RUNPATH_SEARCH_PATHS = "$(inherited) @executable_path/Frameworks @loader_path/Frameworks";
				PRODUCT_BUNDLE_IDENTIFIER = com.mycompany.myapp.TapGestureDemoTests;
				PRODUCT_NAME = "$(TARGET_NAME)";
				SWIFT_VERSION = 4.0;
				TARGETED_DEVICE_FAMILY = "1,2";
				TEST_HOST = "$(BUILT_PRODUCTS_DIR)/TapGestureDemo.app/TapGestureDemo";
			};
			name = Debug;
		};
		68989D43204EC13D00BB0B74 /* Release */ = {
			isa = XCBuildConfiguration;
			buildSettings = {
				ALWAYS_EMBED_SWIFT_STANDARD_LIBRARIES = YES;
				BUNDLE_LOADER = "$(TEST_HOST)";
				CODE_SIGN_STYLE = Automatic;
				INFOPLIST_FILE = TapGestureDemoTests/Info.plist;
				LD_RUNPATH_SEARCH_PATHS = "$(inherited) @executable_path/Frameworks @loader_path/Frameworks";
				PRODUCT_BUNDLE_IDENTIFIER = com.mycompany.myapp.TapGestureDemoTests;
				PRODUCT_NAME = "$(TARGET_NAME)";
				SWIFT_VERSION = 4.0;
				TARGETED_DEVICE_FAMILY = "1,2";
				TEST_HOST = "$(BUILT_PRODUCTS_DIR)/TapGestureDemo.app/TapGestureDemo";
			};
			name = Release;
		};
		68989D45204EC13D00BB0B74 /* Debug */ = {
			isa = XCBuildConfiguration;
			buildSettings = {
				ALWAYS_EMBED_SWIFT_STANDARD_LIBRARIES = YES;
				CODE_SIGN_STYLE = Automatic;
				INFOPLIST_FILE = TapGestureDemoUITests/Info.plist;
				LD_RUNPATH_SEARCH_PATHS = "$(inherited) @executable_path/Frameworks @loader_path/Frameworks";
				PRODUCT_BUNDLE_IDENTIFIER = com.mycompany.myapp.TapGestureDemoUITests;
				PRODUCT_NAME = "$(TARGET_NAME)";
				SWIFT_VERSION = 4.0;
				TARGETED_DEVICE_FAMILY = "1,2";
				TEST_TARGET_NAME = TapGestureDemo;
			};
			name = Debug;
		};
		68989D46204EC13D00BB0B74 /* Release */ = {
			isa = XCBuildConfiguration;
			buildSettings = {
				ALWAYS_EMBED_SWIFT_STANDARD_LIBRARIES = YES;
				CODE_SIGN_STYLE = Automatic;
				INFOPLIST_FILE = TapGestureDemoUITests/Info.plist;
				LD_RUNPATH_SEARCH_PATHS = "$(inherited) @executable_path/Frameworks @loader_path/Frameworks";
				PRODUCT_BUNDLE_IDENTIFIER = com.mycompany.myapp.TapGestureDemoUITests;
				PRODUCT_NAME = "$(TARGET_NAME)";
				SWIFT_VERSION = 4.0;
				TARGETED_DEVICE_FAMILY = "1,2";
				TEST_TARGET_NAME = TapGestureDemo;
			};
			name = Release;
		};
/* End XCBuildConfiguration section */

/* Begin XCConfigurationList section */
		68989D11204EC13D00BB0B74 /* Build configuration list for PBXProject "TapGestureDemo" */ = {
			isa = XCConfigurationList;
			buildConfigurations = (
				68989D3C204EC13D00BB0B74 /* Debug */,
				68989D3D204EC13D00BB0B74 /* Release */,
			);
			defaultConfigurationIsVisible = 0;
			defaultConfigurationName = Release;
		};
		68989D3E204EC13D00BB0B74 /* Build configuration list for PBXNativeTarget "TapGestureDemo" */ = {
			isa = XCConfigurationList;
			buildConfigurations = (
				68989D3F204EC13D00BB0B74 /* Debug */,
				68989D40204EC13D00BB0B74 /* Release */,
			);
			defaultConfigurationIsVisible = 0;
			defaultConfigurationName = Release;
		};
		68989D41204EC13D00BB0B74 /* Build configuration list for PBXNativeTarget "TapGestureDemoTests" */ = {
			isa = XCConfigurationList;
			buildConfigurations = (
				68989D42204EC13D00BB0B74 /* Debug */,
				68989D43204EC13D00BB0B74 /* Release */,
			);
			defaultConfigurationIsVisible = 0;
			defaultConfigurationName = Release;
		};
		68989D44204EC13D00BB0B74 /* Build configuration list for PBXNativeTarget "TapGestureDemoUITests" */ = {
			isa = XCConfigurationList;
			buildConfigurations = (
				68989D45204EC13D00BB0B74 /* Debug */,
				68989D46204EC13D00BB0B74 /* Release */,
			);
			defaultConfigurationIsVisible = 0;
			defaultConfigurationName = Release;
		};
/* End XCConfigurationList section */
	};
	rootObject = 68989D0E204EC13D00BB0B74 /* Project object */;
}
